// !$*UTF8*$!
{
	archiveVersion = 1;
	classes = {
	};
	objectVersion = 46;
	objects = {

/* Begin PBXBuildFile section */
		88F6EC07149F8DE500932CC1 /* UIKit.framework in Frameworks */ = {isa = PBXBuildFile; fileRef = 88F6EC06149F8DE500932CC1 /* UIKit.framework */; };
		88F6EC09149F8DE500932CC1 /* Foundation.framework in Frameworks */ = {isa = PBXBuildFile; fileRef = 88F6EC08149F8DE500932CC1 /* Foundation.framework */; };
		88F6EC0B149F8DE500932CC1 /* CoreGraphics.framework in Frameworks */ = {isa = PBXBuildFile; fileRef = 88F6EC0A149F8DE500932CC1 /* CoreGraphics.framework */; };
		88F6EC11149F8DE500932CC1 /* InfoPlist.strings in Resources */ = {isa = PBXBuildFile; fileRef = 88F6EC0F149F8DE500932CC1 /* InfoPlist.strings */; };
		88F6EC13149F8DE500932CC1 /* main.m in Sources */ = {isa = PBXBuildFile; fileRef = 88F6EC12149F8DE500932CC1 /* main.m */; };
		88F6EC17149F8DE500932CC1 /* AppDelegate.m in Sources */ = {isa = PBXBuildFile; fileRef = 88F6EC16149F8DE500932CC1 /* AppDelegate.m */; };
		88F6EC1F149F8E6E00932CC1 /* MusicListTableViewController.m in Sources */ = {isa = PBXBuildFile; fileRef = 88F6EC1E149F8E6E00932CC1 /* MusicListTableViewController.m */; };
/* End PBXBuildFile section */

/* Begin PBXFileReference section */
		88F6EC02149F8DE500932CC1 /* MusiXplorer.app */ = {isa = PBXFileReference; explicitFileType = wrapper.application; includeInIndex = 0; path = MusiXplorer.app; sourceTree = BUILT_PRODUCTS_DIR; };
		88F6EC06149F8DE500932CC1 /* UIKit.framework */ = {isa = PBXFileReference; lastKnownFileType = wrapper.framework; name = UIKit.framework; path = System/Library/Frameworks/UIKit.framework; sourceTree = SDKROOT; };
		88F6EC08149F8DE500932CC1 /* Foundation.framework */ = {isa = PBXFileReference; lastKnownFileType = wrapper.framework; name = Foundation.framework; path = System/Library/Frameworks/Foundation.framework; sourceTree = SDKROOT; };
		88F6EC0A149F8DE500932CC1 /* CoreGraphics.framework */ = {isa = PBXFileReference; lastKnownFileType = wrapper.framework; name = CoreGraphics.framework; path = System/Library/Frameworks/CoreGraphics.framework; sourceTree = SDKROOT; };
		88F6EC0E149F8DE500932CC1 /* MusiXplorer-Info.plist */ = {isa = PBXFileReference; lastKnownFileType = text.plist.xml; path = "MusiXplorer-Info.plist"; sourceTree = "<group>"; };
		88F6EC10149F8DE500932CC1 /* en */ = {isa = PBXFileReference; lastKnownFileType = text.plist.strings; name = en; path = en.lproj/InfoPlist.strings; sourceTree = "<group>"; };
		88F6EC12149F8DE500932CC1 /* main.m */ = {isa = PBXFileReference; lastKnownFileType = sourcecode.c.objc; path = main.m; sourceTree = "<group>"; };
		88F6EC14149F8DE500932CC1 /* MusiXplorer-Prefix.pch */ = {isa = PBXFileReference; lastKnownFileType = sourcecode.c.h; path = "MusiXplorer-Prefix.pch"; sourceTree = "<group>"; };
		88F6EC15149F8DE500932CC1 /* AppDelegate.h */ = {isa = PBXFileReference; lastKnownFileType = sourcecode.c.h; path = AppDelegate.h; sourceTree = "<group>"; };
		88F6EC16149F8DE500932CC1 /* AppDelegate.m */ = {isa = PBXFileReference; lastKnownFileType = sourcecode.c.objc; path = AppDelegate.m; sourceTree = "<group>"; };
		88F6EC1D149F8E6E00932CC1 /* MusicListTableViewController.h */ = {isa = PBXFileReference; fileEncoding = 4; lastKnownFileType = sourcecode.c.h; path = MusicListTableViewController.h; sourceTree = "<group>"; };
		88F6EC1E149F8E6E00932CC1 /* MusicListTableViewController.m */ = {isa = PBXFileReference; fileEncoding = 4; lastKnownFileType = sourcecode.c.objc; path = MusicListTableViewController.m; sourceTree = "<group>"; };
/* End PBXFileReference section */

/* Begin PBXFrameworksBuildPhase section */
		88F6EBFF149F8DE500932CC1 /* Frameworks */ = {
			isa = PBXFrameworksBuildPhase;
			buildActionMask = 2147483647;
			files = (
				88F6EC07149F8DE500932CC1 /* UIKit.framework in Frameworks */,
				88F6EC09149F8DE500932CC1 /* Foundation.framework in Frameworks */,
				88F6EC0B149F8DE500932CC1 /* CoreGraphics.framework in Frameworks */,
			);
			runOnlyForDeploymentPostprocessing = 0;
		};
/* End PBXFrameworksBuildPhase section */

/* Begin PBXGroup section */
		88F6EBF7149F8DE500932CC1 = {
			isa = PBXGroup;
			children = (
				88F6EC0C149F8DE500932CC1 /* MusiXplorer */,
				88F6EC05149F8DE500932CC1 /* Frameworks */,
				88F6EC03149F8DE500932CC1 /* Products */,
			);
			sourceTree = "<group>";
		};
		88F6EC03149F8DE500932CC1 /* Products */ = {
			isa = PBXGroup;
			children = (
				88F6EC02149F8DE500932CC1 /* MusiXplorer.app */,
			);
			name = Products;
			sourceTree = "<group>";
		};
		88F6EC05149F8DE500932CC1 /* Frameworks */ = {
			isa = PBXGroup;
			children = (
				88F6EC06149F8DE500932CC1 /* UIKit.framework */,
				88F6EC08149F8DE500932CC1 /* Foundation.framework */,
				88F6EC0A149F8DE500932CC1 /* CoreGraphics.framework */,
			);
			name = Frameworks;
			sourceTree = "<group>";
		};
		88F6EC0C149F8DE500932CC1 /* MusiXplorer */ = {
			isa = PBXGroup;
			children = (
				88F6EC15149F8DE500932CC1 /* AppDelegate.h */,
				88F6EC16149F8DE500932CC1 /* AppDelegate.m */,
				88F6EC0D149F8DE500932CC1 /* Supporting Files */,
				88F6EC1D149F8E6E00932CC1 /* MusicListTableViewController.h */,
				88F6EC1E149F8E6E00932CC1 /* MusicListTableViewController.m */,
			);
			path = MusiXplorer;
			sourceTree = "<group>";
		};
		88F6EC0D149F8DE500932CC1 /* Supporting Files */ = {
			isa = PBXGroup;
			children = (
				88F6EC0E149F8DE500932CC1 /* MusiXplorer-Info.plist */,
				88F6EC0F149F8DE500932CC1 /* InfoPlist.strings */,
				88F6EC12149F8DE500932CC1 /* main.m */,
				88F6EC14149F8DE500932CC1 /* MusiXplorer-Prefix.pch */,
			);
			name = "Supporting Files";
			sourceTree = "<group>";
		};
/* End PBXGroup section */

/* Begin PBXNativeTarget section */
		88F6EC01149F8DE500932CC1 /* MusiXplorer */ = {
			isa = PBXNativeTarget;
			buildConfigurationList = 88F6EC1A149F8DE500932CC1 /* Build configuration list for PBXNativeTarget "MusiXplorer" */;
			buildPhases = (
				88F6EBFE149F8DE500932CC1 /* Sources */,
				88F6EBFF149F8DE500932CC1 /* Frameworks */,
				88F6EC00149F8DE500932CC1 /* Resources */,
			);
			buildRules = (
			);
			dependencies = (
			);
			name = MusiXplorer;
			productName = MusiXplorer;
			productReference = 88F6EC02149F8DE500932CC1 /* MusiXplorer.app */;
			productType = "com.apple.product-type.application";
		};
/* End PBXNativeTarget section */

/* Begin PBXProject section */
		88F6EBF9149F8DE500932CC1 /* Project object */ = {
			isa = PBXProject;
			attributes = {
				LastUpgradeCheck = 0420;
				ORGANIZATIONNAME = "http://peterfriese.de";
			};
			buildConfigurationList = 88F6EBFC149F8DE500932CC1 /* Build configuration list for PBXProject "MusiXplorer" */;
			compatibilityVersion = "Xcode 3.2";
			developmentRegion = English;
			hasScannedForEncodings = 0;
			knownRegions = (
				en,
			);
			mainGroup = 88F6EBF7149F8DE500932CC1;
			productRefGroup = 88F6EC03149F8DE500932CC1 /* Products */;
			projectDirPath = "";
			projectRoot = "";
			targets = (
				88F6EC01149F8DE500932CC1 /* MusiXplorer */,
			);
		};
/* End PBXProject section */

/* Begin PBXResourcesBuildPhase section */
		88F6EC00149F8DE500932CC1 /* Resources */ = {
			isa = PBXResourcesBuildPhase;
			buildActionMask = 2147483647;
			files = (
				88F6EC11149F8DE500932CC1 /* InfoPlist.strings in Resources */,
			);
			runOnlyForDeploymentPostprocessing = 0;
		};
/* End PBXResourcesBuildPhase section */

/* Begin PBXSourcesBuildPhase section */
		88F6EBFE149F8DE500932CC1 /* Sources */ = {
			isa = PBXSourcesBuildPhase;
			buildActionMask = 2147483647;
			files = (
				88F6EC13149F8DE500932CC1 /* main.m in Sources */,
				88F6EC17149F8DE500932CC1 /* AppDelegate.m in Sources */,
				88F6EC1F149F8E6E00932CC1 /* MusicListTableViewController.m in Sources */,
			);
			runOnlyForDeploymentPostprocessing = 0;
		};
/* End PBXSourcesBuildPhase section */

/* Begin PBXVariantGroup section */
		88F6EC0F149F8DE500932CC1 /* InfoPlist.strings */ = {
			isa = PBXVariantGroup;
			children = (
				88F6EC10149F8DE500932CC1 /* en */,
			);
			name = InfoPlist.strings;
			sourceTree = "<group>";
		};
/* End PBXVariantGroup section */

/* Begin XCBuildConfiguration section */
		88F6EC18149F8DE500932CC1 /* Debug */ = {
			isa = XCBuildConfiguration;
			buildSettings = {
				ALWAYS_SEARCH_USER_PATHS = NO;
				ARCHS = "$(ARCHS_STANDARD_32_BIT)";
				CLANG_ENABLE_OBJC_ARC = YES;
				"CODE_SIGN_IDENTITY[sdk=iphoneos*]" = "iPhone Developer";
				COPY_PHASE_STRIP = NO;
				GCC_C_LANGUAGE_STANDARD = gnu99;
				GCC_DYNAMIC_NO_PIC = NO;
				GCC_OPTIMIZATION_LEVEL = 0;
				GCC_PREPROCESSOR_DEFINITIONS = (
					"DEBUG=1",
					"$(inherited)",
				);
				GCC_SYMBOLS_PRIVATE_EXTERN = NO;
				GCC_VERSION = com.apple.compilers.llvm.clang.1_0;
				GCC_WARN_ABOUT_MISSING_PROTOTYPES = YES;
				GCC_WARN_ABOUT_RETURN_TYPE = YES;
				GCC_WARN_UNUSED_VARIABLE = YES;
				IPHONEOS_DEPLOYMENT_TARGET = 5.0;
				SDKROOT = iphoneos;
			};
			name = Debug;
		};
		88F6EC19149F8DE500932CC1 /* Release */ = {
			isa = XCBuildConfiguration;
			buildSettings = {
				ALWAYS_SEARCH_USER_PATHS = NO;
				ARCHS = "$(ARCHS_STANDARD_32_BIT)";
				CLANG_ENABLE_OBJC_ARC = YES;
				"CODE_SIGN_IDENTITY[sdk=iphoneos*]" = "iPhone Developer";
				COPY_PHASE_STRIP = YES;
				GCC_C_LANGUAGE_STANDARD = gnu99;
				GCC_VERSION = com.apple.compilers.llvm.clang.1_0;
				GCC_WARN_ABOUT_MISSING_PROTOTYPES = YES;
				GCC_WARN_ABOUT_RETURN_TYPE = YES;
				GCC_WARN_UNUSED_VARIABLE = YES;
				IPHONEOS_DEPLOYMENT_TARGET = 5.0;
				OTHER_CFLAGS = "-DNS_BLOCK_ASSERTIONS=1";
				SDKROOT = iphoneos;
				VALIDATE_PRODUCT = YES;
			};
			name = Release;
		};
		88F6EC1B149F8DE500932CC1 /* Debug */ = {
			isa = XCBuildConfiguration;
			buildSettings = {
				GCC_PRECOMPILE_PREFIX_HEADER = YES;
				GCC_PREFIX_HEADER = "MusiXplorer/MusiXplorer-Prefix.pch";
				INFOPLIST_FILE = "MusiXplorer/MusiXplorer-Info.plist";
				PRODUCT_NAME = "$(TARGET_NAME)";
				WRAPPER_EXTENSION = app;
			};
			name = Debug;
		};
		88F6EC1C149F8DE500932CC1 /* Release */ = {
			isa = XCBuildConfiguration;
			buildSettings = {
				GCC_PRECOMPILE_PREFIX_HEADER = YES;
				GCC_PREFIX_HEADER = "MusiXplorer/MusiXplorer-Prefix.pch";
				INFOPLIST_FILE = "MusiXplorer/MusiXplorer-Info.plist";
				PRODUCT_NAME = "$(TARGET_NAME)";
				WRAPPER_EXTENSION = app;
			};
			name = Release;
		};
/* End XCBuildConfiguration section */

/* Begin XCConfigurationList section */
		88F6EBFC149F8DE500932CC1 /* Build configuration list for PBXProject "MusiXplorer" */ = {
			isa = XCConfigurationList;
			buildConfigurations = (
				88F6EC18149F8DE500932CC1 /* Debug */,
				88F6EC19149F8DE500932CC1 /* Release */,
			);
			defaultConfigurationIsVisible = 0;
			defaultConfigurationName = Release;
		};
		88F6EC1A149F8DE500932CC1 /* Build configuration list for PBXNativeTarget "MusiXplorer" */ = {
			isa = XCConfigurationList;
			buildConfigurations = (
				88F6EC1B149F8DE500932CC1 /* Debug */,
				88F6EC1C149F8DE500932CC1 /* Release */,
			);
			defaultConfigurationIsVisible = 0;
		};
/* End XCConfigurationList section */
	};
	rootObject = 88F6EBF9149F8DE500932CC1 /* Project object */;
}
